// !$*UTF8*$!
{
	archiveVersion = 1;
	classes = {
	};
	objectVersion = 50;
	objects = {

/* Begin PBXBuildFile section */
		F3D9B4B523289F4C0025A9B5 /* AppDelegate.swift in Sources */ = {isa = PBXBuildFile; fileRef = F3D9B4B423289F4C0025A9B5 /* AppDelegate.swift */; };
		F3D9B4B723289F4C0025A9B5 /* ViewController.swift in Sources */ = {isa = PBXBuildFile; fileRef = F3D9B4B623289F4C0025A9B5 /* ViewController.swift */; };
		F3D9B4BA23289F4C0025A9B5 /* Main.storyboard in Resources */ = {isa = PBXBuildFile; fileRef = F3D9B4B823289F4C0025A9B5 /* Main.storyboard */; };
		F3D9B4BC23289F4E0025A9B5 /* Assets.xcassets in Resources */ = {isa = PBXBuildFile; fileRef = F3D9B4BB23289F4E0025A9B5 /* Assets.xcassets */; };
		F3D9B4BF23289F4E0025A9B5 /* LaunchScreen.storyboard in Resources */ = {isa = PBXBuildFile; fileRef = F3D9B4BD23289F4E0025A9B5 /* LaunchScreen.storyboard */; };
		F3D9B4CA23289F620025A9B5 /* YSScrollDetecter.swift in Sources */ = {isa = PBXBuildFile; fileRef = F3D9B4C823289F620025A9B5 /* YSScrollDetecter.swift */; };
/* End PBXBuildFile section */

/* Begin PBXFileReference section */
		F3D9B4B123289F4C0025A9B5 /* Demo.app */ = {isa = PBXFileReference; explicitFileType = wrapper.application; includeInIndex = 0; path = Demo.app; sourceTree = BUILT_PRODUCTS_DIR; };
		F3D9B4B423289F4C0025A9B5 /* AppDelegate.swift */ = {isa = PBXFileReference; lastKnownFileType = sourcecode.swift; path = AppDelegate.swift; sourceTree = "<group>"; };
		F3D9B4B623289F4C0025A9B5 /* ViewController.swift */ = {isa = PBXFileReference; lastKnownFileType = sourcecode.swift; path = ViewController.swift; sourceTree = "<group>"; };
		F3D9B4B923289F4C0025A9B5 /* Base */ = {isa = PBXFileReference; lastKnownFileType = file.storyboard; name = Base; path = Base.lproj/Main.storyboard; sourceTree = "<group>"; };
		F3D9B4BB23289F4E0025A9B5 /* Assets.xcassets */ = {isa = PBXFileReference; lastKnownFileType = folder.assetcatalog; path = Assets.xcassets; sourceTree = "<group>"; };
		F3D9B4BE23289F4E0025A9B5 /* Base */ = {isa = PBXFileReference; lastKnownFileType = file.storyboard; name = Base; path = Base.lproj/LaunchScreen.storyboard; sourceTree = "<group>"; };
		F3D9B4C023289F4E0025A9B5 /* Info.plist */ = {isa = PBXFileReference; lastKnownFileType = text.plist.xml; path = Info.plist; sourceTree = "<group>"; };
		F3D9B4C723289F620025A9B5 /* YSScrollDetecter.h */ = {isa = PBXFileReference; fileEncoding = 4; lastKnownFileType = sourcecode.c.h; path = YSScrollDetecter.h; sourceTree = "<group>"; };
		F3D9B4C823289F620025A9B5 /* YSScrollDetecter.swift */ = {isa = PBXFileReference; fileEncoding = 4; lastKnownFileType = sourcecode.swift; path = YSScrollDetecter.swift; sourceTree = "<group>"; };
/* End PBXFileReference section */

/* Begin PBXFrameworksBuildPhase section */
		F3D9B4AE23289F4C0025A9B5 /* Frameworks */ = {
			isa = PBXFrameworksBuildPhase;
			buildActionMask = 2147483647;
			files = (
			);
			runOnlyForDeploymentPostprocessing = 0;
		};
/* End PBXFrameworksBuildPhase section */

/* Begin PBXGroup section */
		F3D9B4A823289F4C0025A9B5 = {
			isa = PBXGroup;
			children = (
				F3D9B4C623289F620025A9B5 /* YSScrollDetecter */,
				F3D9B4B323289F4C0025A9B5 /* Demo */,
				F3D9B4B223289F4C0025A9B5 /* Products */,
			);
			sourceTree = "<group>";
		};
		F3D9B4B223289F4C0025A9B5 /* Products */ = {
			isa = PBXGroup;
			children = (
				F3D9B4B123289F4C0025A9B5 /* Demo.app */,
			);
			name = Products;
			sourceTree = "<group>";
		};
		F3D9B4B323289F4C0025A9B5 /* Demo */ = {
			isa = PBXGroup;
			children = (
				F3D9B4B423289F4C0025A9B5 /* AppDelegate.swift */,
				F3D9B4B623289F4C0025A9B5 /* ViewController.swift */,
				F3D9B4B823289F4C0025A9B5 /* Main.storyboard */,
				F3D9B4BB23289F4E0025A9B5 /* Assets.xcassets */,
				F3D9B4BD23289F4E0025A9B5 /* LaunchScreen.storyboard */,
				F3D9B4C023289F4E0025A9B5 /* Info.plist */,
			);
			path = Demo;
			sourceTree = "<group>";
		};
		F3D9B4C623289F620025A9B5 /* YSScrollDetecter */ = {
			isa = PBXGroup;
			children = (
				F3D9B4C723289F620025A9B5 /* YSScrollDetecter.h */,
				F3D9B4C823289F620025A9B5 /* YSScrollDetecter.swift */,
			);
			name = YSScrollDetecter;
			path = ../YSScrollDetecter;
			sourceTree = "<group>";
		};
/* End PBXGroup section */

/* Begin PBXNativeTarget section */
		F3D9B4B023289F4C0025A9B5 /* Demo */ = {
			isa = PBXNativeTarget;
			buildConfigurationList = F3D9B4C323289F4E0025A9B5 /* Build configuration list for PBXNativeTarget "Demo" */;
			buildPhases = (
				F3D9B4AD23289F4C0025A9B5 /* Sources */,
				F3D9B4AE23289F4C0025A9B5 /* Frameworks */,
				F3D9B4AF23289F4C0025A9B5 /* Resources */,
			);
			buildRules = (
			);
			dependencies = (
			);
			name = Demo;
			productName = Demo;
			productReference = F3D9B4B123289F4C0025A9B5 /* Demo.app */;
			productType = "com.apple.product-type.application";
		};
/* End PBXNativeTarget section */

/* Begin PBXProject section */
		F3D9B4A923289F4C0025A9B5 /* Project object */ = {
			isa = PBXProject;
			attributes = {
				LastSwiftUpdateCheck = 1030;
				LastUpgradeCheck = 1030;
				ORGANIZATIONNAME = "関　洋輔";
				TargetAttributes = {
					F3D9B4B023289F4C0025A9B5 = {
						CreatedOnToolsVersion = 10.3;
					};
				};
			};
			buildConfigurationList = F3D9B4AC23289F4C0025A9B5 /* Build configuration list for PBXProject "Demo" */;
			compatibilityVersion = "Xcode 9.3";
			developmentRegion = en;
			hasScannedForEncodings = 0;
			knownRegions = (
				en,
				Base,
			);
			mainGroup = F3D9B4A823289F4C0025A9B5;
			productRefGroup = F3D9B4B223289F4C0025A9B5 /* Products */;
			projectDirPath = "";
			projectRoot = "";
			targets = (
				F3D9B4B023289F4C0025A9B5 /* Demo */,
			);
		};
/* End PBXProject section */

/* Begin PBXResourcesBuildPhase section */
		F3D9B4AF23289F4C0025A9B5 /* Resources */ = {
			isa = PBXResourcesBuildPhase;
			buildActionMask = 2147483647;
			files = (
				F3D9B4BF23289F4E0025A9B5 /* LaunchScreen.storyboard in Resources */,
				F3D9B4BC23289F4E0025A9B5 /* Assets.xcassets in Resources */,
				F3D9B4BA23289F4C0025A9B5 /* Main.storyboard in Resources */,
			);
			runOnlyForDeploymentPostprocessing = 0;
		};
/* End PBXResourcesBuildPhase section */

/* Begin PBXSourcesBuildPhase section */
		F3D9B4AD23289F4C0025A9B5 /* Sources */ = {
			isa = PBXSourcesBuildPhase;
			buildActionMask = 2147483647;
			files = (
				F3D9B4CA23289F620025A9B5 /* YSScrollDetecter.swift in Sources */,
				F3D9B4B723289F4C0025A9B5 /* ViewController.swift in Sources */,
				F3D9B4B523289F4C0025A9B5 /* AppDelegate.swift in Sources */,
			);
			runOnlyForDeploymentPostprocessing = 0;
		};
/* End PBXSourcesBuildPhase section */

/* Begin PBXVariantGroup section */
		F3D9B4B823289F4C0025A9B5 /* Main.storyboard */ = {
			isa = PBXVariantGroup;
			children = (
				F3D9B4B923289F4C0025A9B5 /* Base */,
			);
			name = Main.storyboard;
			sourceTree = "<group>";
		};
		F3D9B4BD23289F4E0025A9B5 /* LaunchScreen.storyboard */ = {
			isa = PBXVariantGroup;
			children = (
				F3D9B4BE23289F4E0025A9B5 /* Base */,
			);
			name = LaunchScreen.storyboard;
			sourceTree = "<group>";
		};
/* End PBXVariantGroup section */

/* Begin XCBuildConfiguration section */
		F3D9B4C123289F4E0025A9B5 /* Debug */ = {
			isa = XCBuildConfiguration;
			buildSettings = {
				ALWAYS_SEARCH_USER_PATHS = NO;
				CLANG_ANALYZER_NONNULL = YES;
				CLANG_ANALYZER_NUMBER_OBJECT_CONVERSION = YES_AGGRESSIVE;
				CLANG_CXX_LANGUAGE_STANDARD = "gnu++14";
				CLANG_CXX_LIBRARY = "libc++";
				CLANG_ENABLE_MODULES = YES;
				CLANG_ENABLE_OBJC_ARC = YES;
				CLANG_ENABLE_OBJC_WEAK = YES;
				CLANG_WARN_BLOCK_CAPTURE_AUTORELEASING = YES;
				CLANG_WARN_BOOL_CONVERSION = YES;
				CLANG_WARN_COMMA = YES;
				CLANG_WARN_CONSTANT_CONVERSION = YES;
				CLANG_WARN_DEPRECATED_OBJC_IMPLEMENTATIONS = YES;
				CLANG_WARN_DIRECT_OBJC_ISA_USAGE = YES_ERROR;
				CLANG_WARN_DOCUMENTATION_COMMENTS = YES;
				CLANG_WARN_EMPTY_BODY = YES;
				CLANG_WARN_ENUM_CONVERSION = YES;
				CLANG_WARN_INFINITE_RECURSION = YES;
				CLANG_WARN_INT_CONVERSION = YES;
				CLANG_WARN_NON_LITERAL_NULL_CONVERSION = YES;
				CLANG_WARN_OBJC_IMPLICIT_RETAIN_SELF = YES;
				CLANG_WARN_OBJC_LITERAL_CONVERSION = YES;
				CLANG_WARN_OBJC_ROOT_CLASS = YES_ERROR;
				CLANG_WARN_RANGE_LOOP_ANALYSIS = YES;
				CLANG_WARN_STRICT_PROTOTYPES = YES;
				CLANG_WARN_SUSPICIOUS_MOVE = YES;
				CLANG_WARN_UNGUARDED_AVAILABILITY = YES_AGGRESSIVE;
				CLANG_WARN_UNREACHABLE_CODE = YES;
				CLANG_WARN__DUPLICATE_METHOD_MATCH = YES;
				CODE_SIGN_IDENTITY = "iPhone Developer";
				COPY_PHASE_STRIP = NO;
				DEBUG_INFORMATION_FORMAT = dwarf;
				ENABLE_STRICT_OBJC_MSGSEND = YES;
				ENABLE_TESTABILITY = YES;
				GCC_C_LANGUAGE_STANDARD = gnu11;
				GCC_DYNAMIC_NO_PIC = NO;
				GCC_NO_COMMON_BLOCKS = YES;
				GCC_OPTIMIZATION_LEVEL = 0;
				GCC_PREPROCESSOR_DEFINITIONS = (
					"DEBUG=1",
					"$(inherited)",
				);
				GCC_WARN_64_TO_32_BIT_CONVERSION = YES;
				GCC_WARN_ABOUT_RETURN_TYPE = YES_ERROR;
				GCC_WARN_UNDECLARED_SELECTOR = YES;
				GCC_WARN_UNINITIALIZED_AUTOS = YES_AGGRESSIVE;
				GCC_WARN_UNUSED_FUNCTION = YES;
				GCC_WARN_UNUSED_VARIABLE = YES;
				IPHONEOS_DEPLOYMENT_TARGET = 12.4;
				MTL_ENABLE_DEBUG_INFO = INCLUDE_SOURCE;
				MTL_FAST_MATH = YES;
				ONLY_ACTIVE_ARCH = YES;
				SDKROOT = iphoneos;
				SWIFT_ACTIVE_COMPILATION_CONDITIONS = DEBUG;
				SWIFT_OPTIMIZATION_LEVEL = "-Onone";
			};
			name = Debug;
		};
		F3D9B4C223289F4E0025A9B5 /* Release */ = {
			isa = XCBuildConfiguration;
			buildSettings = {
				ALWAYS_SEARCH_USER_PATHS = NO;
				CLANG_ANALYZER_NONNULL = YES;
				CLANG_ANALYZER_NUMBER_OBJECT_CONVERSION = YES_AGGRESSIVE;
				CLANG_CXX_LANGUAGE_STANDARD = "gnu++14";
				CLANG_CXX_LIBRARY = "libc++";
				CLANG_ENABLE_MODULES = YES;
				CLANG_ENABLE_OBJC_ARC = YES;
				CLANG_ENABLE_OBJC_WEAK = YES;
				CLANG_WARN_BLOCK_CAPTURE_AUTORELEASING = YES;
				CLANG_WARN_BOOL_CONVERSION = YES;
				CLANG_WARN_COMMA = YES;
				CLANG_WARN_CONSTANT_CONVERSION = YES;
				CLANG_WARN_DEPRECATED_OBJC_IMPLEMENTATIONS = YES;
				CLANG_WARN_DIRECT_OBJC_ISA_USAGE = YES_ERROR;
				CLANG_WARN_DOCUMENTATION_COMMENTS = YES;
				CLANG_WARN_EMPTY_BODY = YES;
				CLANG_WARN_ENUM_CONVERSION = YES;
				CLANG_WARN_INFINITE_RECURSION = YES;
				CLANG_WARN_INT_CONVERSION = YES;
				CLANG_WARN_NON_LITERAL_NULL_CONVERSION = YES;
				CLANG_WARN_OBJC_IMPLICIT_RETAIN_SELF = YES;
				CLANG_WARN_OBJC_LITERAL_CONVERSION = YES;
				CLANG_WARN_OBJC_ROOT_CLASS = YES_ERROR;
				CLANG_WARN_RANGE_LOOP_ANALYSIS = YES;
				CLANG_WARN_STRICT_PROTOTYPES = YES;
				CLANG_WARN_SUSPICIOUS_MOVE = YES;
				CLANG_WARN_UNGUARDED_AVAILABILITY = YES_AGGRESSIVE;
				CLANG_WARN_UNREACHABLE_CODE = YES;
				CLANG_WARN__DUPLICATE_METHOD_MATCH = YES;
				CODE_SIGN_IDENTITY = "iPhone Developer";
				COPY_PHASE_STRIP = NO;
				DEBUG_INFORMATION_FORMAT = "dwarf-with-dsym";
				ENABLE_NS_ASSERTIONS = NO;
				ENABLE_STRICT_OBJC_MSGSEND = YES;
				GCC_C_LANGUAGE_STANDARD = gnu11;
				GCC_NO_COMMON_BLOCKS = YES;
				GCC_WARN_64_TO_32_BIT_CONVERSION = YES;
				GCC_WARN_ABOUT_RETURN_TYPE = YES_ERROR;
				GCC_WARN_UNDECLARED_SELECTOR = YES;
				GCC_WARN_UNINITIALIZED_AUTOS = YES_AGGRESSIVE;
				GCC_WARN_UNUSED_FUNCTION = YES;
				GCC_WARN_UNUSED_VARIABLE = YES;
				IPHONEOS_DEPLOYMENT_TARGET = 12.4;
				MTL_ENABLE_DEBUG_INFO = NO;
				MTL_FAST_MATH = YES;
				SDKROOT = iphoneos;
				SWIFT_COMPILATION_MODE = wholemodule;
				SWIFT_OPTIMIZATION_LEVEL = "-O";
				VALIDATE_PRODUCT = YES;
			};
			name = Release;
		};
		F3D9B4C423289F4E0025A9B5 /* Debug */ = {
			isa = XCBuildConfiguration;
			buildSettings = {
				ASSETCATALOG_COMPILER_APPICON_NAME = AppIcon;
				CODE_SIGN_STYLE = Automatic;
				INFOPLIST_FILE = Demo/Info.plist;
				LD_RUNPATH_SEARCH_PATHS = (
					"$(inherited)",
					"@executable_path/Frameworks",
				);
				PRODUCT_BUNDLE_IDENTIFIER = net.smooooth.Demo;
				PRODUCT_NAME = "$(TARGET_NAME)";
				SWIFT_VERSION = 5.0;
				TARGETED_DEVICE_FAMILY = "1,2";
			};
			name = Debug;
		};
		F3D9B4C523289F4E0025A9B5 /* Release */ = {
			isa = XCBuildConfiguration;
			buildSettings = {
				ASSETCATALOG_COMPILER_APPICON_NAME = AppIcon;
				CODE_SIGN_STYLE = Automatic;
				INFOPLIST_FILE = Demo/Info.plist;
				LD_RUNPATH_SEARCH_PATHS = (
					"$(inherited)",
					"@executable_path/Frameworks",
				);
				PRODUCT_BUNDLE_IDENTIFIER = net.smooooth.Demo;
				PRODUCT_NAME = "$(TARGET_NAME)";
				SWIFT_VERSION = 5.0;
				TARGETED_DEVICE_FAMILY = "1,2";
			};
			name = Release;
		};
/* End XCBuildConfiguration section */

/* Begin XCConfigurationList section */
		F3D9B4AC23289F4C0025A9B5 /* Build configuration list for PBXProject "Demo" */ = {
			isa = XCConfigurationList;
			buildConfigurations = (
				F3D9B4C123289F4E0025A9B5 /* Debug */,
				F3D9B4C223289F4E0025A9B5 /* Release */,
			);
			defaultConfigurationIsVisible = 0;
			defaultConfigurationName = Release;
		};
		F3D9B4C323289F4E0025A9B5 /* Build configuration list for PBXNativeTarget "Demo" */ = {
			isa = XCConfigurationList;
			buildConfigurations = (
				F3D9B4C423289F4E0025A9B5 /* Debug */,
				F3D9B4C523289F4E0025A9B5 /* Release */,
			);
			defaultConfigurationIsVisible = 0;
			defaultConfigurationName = Release;
		};
/* End XCConfigurationList section */
	};
	rootObject = F3D9B4A923289F4C0025A9B5 /* Project object */;
}
